
Microsoft Visual Studio Solution File, Format Version 12.00
# Visual Studio Version 16
VisualStudioVersion = 16.0.30406.217
MinimumVisualStudioVersion = 10.0.40219.1
Project("{888888A0-9F3D-457C-B088-3A5042F75D52}") = "KeepAlive", "KeepAlive\KeepAlive.pyproj", "{A35CDBE9-5F33-4F5E-BA86-4DB4179294B8}"
EndProject
Global
	GlobalSection(SolutionConfigurationPlatforms) = preSolution
		Debug|Any CPU = Debug|Any CPU
		Release|Any CPU = Release|Any CPU
	EndGlobalSection
	GlobalSection(ProjectConfigurationPlatforms) = postSolution
		{A35CDBE9-5F33-4F5E-BA86-4DB4179294B8}.Debug|Any CPU.ActiveCfg = Debug|Any CPU
		{A35CDBE9-5F33-4F5E-BA86-4DB4179294B8}.Release|Any CPU.ActiveCfg = Release|Any CPU
	EndGlobalSection
	GlobalSection(SolutionProperties) = preSolution
		HideSolutionNode = FALSE
	EndGlobalSection
	GlobalSection(ExtensibilityGlobals) = postSolution
		SolutionGuid = {676CDBC5-BF22-4A3A-ACA6-F57207D26BF8}
	EndGlobalSection
EndGlobal
